
Microsoft Visual Studio Solution File, Format Version 12.00
# Visual Studio 14
VisualStudioVersion = 14.0.25420.1
MinimumVisualStudioVersion = 10.0.40219.1
Project("{FAE04EC0-301F-11D3-BF4B-00C04F79EFBC}") = "OxoBrowser", "OxoBrowser\OxoBrowser.csproj", "{FD400F8C-8F0C-45EF-A23F-F2A9FFA5C128}"
EndProject
Global
	GlobalSection(SolutionConfigurationPlatforms) = preSolution
		Debug|Any CPU = Debug|Any CPU
		Release|Any CPU = Release|Any CPU
	EndGlobalSection
	GlobalSection(ProjectConfigurationPlatforms) = postSolution
		{FD400F8C-8F0C-45EF-A23F-F2A9FFA5C128}.Debug|Any CPU.ActiveCfg = Debug|Any CPU
		{FD400F8C-8F0C-45EF-A23F-F2A9FFA5C128}.Debug|Any CPU.Build.0 = Debug|Any CPU
		{FD400F8C-8F0C-45EF-A23F-F2A9FFA5C128}.Release|Any CPU.ActiveCfg = Release|Any CPU
		{FD400F8C-8F0C-45EF-A23F-F2A9FFA5C128}.Release|Any CPU.Build.0 = Release|Any CPU
	EndGlobalSection
	GlobalSection(SolutionProperties) = preSolution
		HideSolutionNode = FALSE
	EndGlobalSection
EndGlobal
